
Microsoft Visual Studio Solution File, Format Version 12.00
# Visual Studio Version 16
VisualStudioVersion = 16.0.31605.320
MinimumVisualStudioVersion = 10.0.40219.1
Project("{FAE04EC0-301F-11D3-BF4B-00C04F79EFBC}") = "FinalProject", "FinalProject\FinalProject.csproj", "{F63347E2-237E-4AFA-A548-CBFB98B290DC}"
EndProject
Global
	GlobalSection(SolutionConfigurationPlatforms) = preSolution
		Debug|Any CPU = Debug|Any CPU
		Release|Any CPU = Release|Any CPU
	EndGlobalSection
	GlobalSection(ProjectConfigurationPlatforms) = postSolution
		{F63347E2-237E-4AFA-A548-CBFB98B290DC}.Debug|Any CPU.ActiveCfg = Debug|Any CPU
		{F63347E2-237E-4AFA-A548-CBFB98B290DC}.Debug|Any CPU.Build.0 = Debug|Any CPU
		{F63347E2-237E-4AFA-A548-CBFB98B290DC}.Release|Any CPU.ActiveCfg = Release|Any CPU
		{F63347E2-237E-4AFA-A548-CBFB98B290DC}.Release|Any CPU.Build.0 = Release|Any CPU
	EndGlobalSection
	GlobalSection(SolutionProperties) = preSolution
		HideSolutionNode = FALSE
	EndGlobalSection
	GlobalSection(ExtensibilityGlobals) = postSolution
		SolutionGuid = {A7D93C2B-5A22-4AC9-A7AA-BE6FDED430BD}
	EndGlobalSection
EndGlobal
